
Microsoft Visual Studio Solution File, Format Version 12.00
# Visual Studio 14
VisualStudioVersion = 14.0.25420.1
MinimumVisualStudioVersion = 10.0.40219.1
Project("{FAE04EC0-301F-11D3-BF4B-00C04F79EFBC}") = "NoteAppUI", "NoteAppUI\NoteAppUI.csproj", "{6C7ED52E-0079-4803-AFB6-FBDE7601E04E}"
EndProject
Project("{FAE04EC0-301F-11D3-BF4B-00C04F79EFBC}") = "NoteApp", "NoteApp\NoteApp.csproj", "{EF40D0ED-12A3-45DD-A482-3B7C14E68711}"
EndProject
Project("{FAE04EC0-301F-11D3-BF4B-00C04F79EFBC}") = "NoteApp.UnitTests", "NoteApp.UnitTests\NoteApp.UnitTests.csproj", "{02C54FF6-F006-4B20-A6BA-44A80C27A915}"
EndProject
Global
	GlobalSection(SolutionConfigurationPlatforms) = preSolution
		Debug|Any CPU = Debug|Any CPU
		Release|Any CPU = Release|Any CPU
	EndGlobalSection
	GlobalSection(ProjectConfigurationPlatforms) = postSolution
		{6C7ED52E-0079-4803-AFB6-FBDE7601E04E}.Debug|Any CPU.ActiveCfg = Debug|Any CPU
		{6C7ED52E-0079-4803-AFB6-FBDE7601E04E}.Debug|Any CPU.Build.0 = Debug|Any CPU
		{6C7ED52E-0079-4803-AFB6-FBDE7601E04E}.Release|Any CPU.ActiveCfg = Release|Any CPU
		{6C7ED52E-0079-4803-AFB6-FBDE7601E04E}.Release|Any CPU.Build.0 = Release|Any CPU
		{EF40D0ED-12A3-45DD-A482-3B7C14E68711}.Debug|Any CPU.ActiveCfg = Debug|Any CPU
		{EF40D0ED-12A3-45DD-A482-3B7C14E68711}.Debug|Any CPU.Build.0 = Debug|Any CPU
		{EF40D0ED-12A3-45DD-A482-3B7C14E68711}.Release|Any CPU.ActiveCfg = Release|Any CPU
		{EF40D0ED-12A3-45DD-A482-3B7C14E68711}.Release|Any CPU.Build.0 = Release|Any CPU
		{02C54FF6-F006-4B20-A6BA-44A80C27A915}.Debug|Any CPU.ActiveCfg = Debug|Any CPU
		{02C54FF6-F006-4B20-A6BA-44A80C27A915}.Debug|Any CPU.Build.0 = Debug|Any CPU
		{02C54FF6-F006-4B20-A6BA-44A80C27A915}.Release|Any CPU.ActiveCfg = Release|Any CPU
		{02C54FF6-F006-4B20-A6BA-44A80C27A915}.Release|Any CPU.Build.0 = Release|Any CPU
	EndGlobalSection
	GlobalSection(SolutionProperties) = preSolution
		HideSolutionNode = FALSE
	EndGlobalSection
EndGlobal
